
Microsoft Visual Studio Solution File, Format Version 12.00
# Visual Studio Version 17
VisualStudioVersion = 17.8.34330.188
MinimumVisualStudioVersion = 10.0.40219.1
Project("{9A19103F-16F7-4668-BE54-9A1E7A4F7556}") = "examen_m03_uf2", "examen_m03_uf2\examen_m03_uf2.csproj", "{B4675DC7-AB54-413E-8335-026431204CE9}"
EndProject
Project("{FAE04EC0-301F-11D3-BF4B-00C04F79EFBC}") = "ClassLibrary1", "ClassLibrary1\ClassLibrary1.csproj", "{949B1FE4-0FAF-475B-B249-62899AE2D07A}"
EndProject
Global
	GlobalSection(SolutionConfigurationPlatforms) = preSolution
		Debug|Any CPU = Debug|Any CPU
		Release|Any CPU = Release|Any CPU
	EndGlobalSection
	GlobalSection(ProjectConfigurationPlatforms) = postSolution
		{B4675DC7-AB54-413E-8335-026431204CE9}.Debug|Any CPU.ActiveCfg = Debug|Any CPU
		{B4675DC7-AB54-413E-8335-026431204CE9}.Debug|Any CPU.Build.0 = Debug|Any CPU
		{B4675DC7-AB54-413E-8335-026431204CE9}.Release|Any CPU.ActiveCfg = Release|Any CPU
		{B4675DC7-AB54-413E-8335-026431204CE9}.Release|Any CPU.Build.0 = Release|Any CPU
		{949B1FE4-0FAF-475B-B249-62899AE2D07A}.Debug|Any CPU.ActiveCfg = Debug|Any CPU
		{949B1FE4-0FAF-475B-B249-62899AE2D07A}.Debug|Any CPU.Build.0 = Debug|Any CPU
		{949B1FE4-0FAF-475B-B249-62899AE2D07A}.Release|Any CPU.ActiveCfg = Release|Any CPU
		{949B1FE4-0FAF-475B-B249-62899AE2D07A}.Release|Any CPU.Build.0 = Release|Any CPU
	EndGlobalSection
	GlobalSection(SolutionProperties) = preSolution
		HideSolutionNode = FALSE
	EndGlobalSection
	GlobalSection(ExtensibilityGlobals) = postSolution
		SolutionGuid = {A44989ED-4EEC-45DB-B6DC-B02B96CA5615}
	EndGlobalSection
EndGlobal
